
Microsoft Visual Studio Solution File, Format Version 10.00
# Visual Studio 2008
Project("{D2ABAB84-BF74-430A-B69E-9DC6D40DDA17}") = "OLAPDemo", "OLAPDemo\OLAPDemo.dwproj", "{714B39BB-7CCD-4C74-8F28-027E4920959D}"
EndProject
Global
	GlobalSection(SolutionConfigurationPlatforms) = preSolution
		Development|Default = Development|Default
	EndGlobalSection
	GlobalSection(ProjectConfigurationPlatforms) = postSolution
		{714B39BB-7CCD-4C74-8F28-027E4920959D}.Development|Default.ActiveCfg = Development
		{714B39BB-7CCD-4C74-8F28-027E4920959D}.Development|Default.Build.0 = Development
		{714B39BB-7CCD-4C74-8F28-027E4920959D}.Development|Default.Deploy.0 = Development
	EndGlobalSection
	GlobalSection(SolutionProperties) = preSolution
		HideSolutionNode = FALSE
	EndGlobalSection
EndGlobal
