
Microsoft Visual Studio Solution File, Format Version 12.00
# Visual Studio 2012
Project("{FAE04EC0-301F-11D3-BF4B-00C04F79EFBC}") = "Justin.FrameWork", "Justin.FrameWork\Justin.FrameWork.csproj", "{D4A91B29-5A36-41A6-8FE4-C1076CD96BD3}"
EndProject
Project("{FAE04EC0-301F-11D3-BF4B-00C04F79EFBC}") = "Justin.FrameWork.Web", "Justin.FrameWork.Web\Justin.FrameWork.Web.csproj", "{827AC6D8-2001-47C9-9260-DB68E698AD5F}"
EndProject
Project("{FAE04EC0-301F-11D3-BF4B-00C04F79EFBC}") = "Justin.Log", "Justin.Log\Justin.Log.csproj", "{FB90C580-4E99-4921-B352-7704032AE2F7}"
EndProject
Project("{FAE04EC0-301F-11D3-BF4B-00C04F79EFBC}") = "Justin.FrameWork.WinForm", "Justin.FrameWork.WinForm\Justin.FrameWork.WinForm.csproj", "{F1BA0A66-6D68-4142-83D8-C96A81A6862E}"
EndProject
Global
	GlobalSection(SolutionConfigurationPlatforms) = preSolution
		Debug|Any CPU = Debug|Any CPU
		Release|Any CPU = Release|Any CPU
	EndGlobalSection
	GlobalSection(ProjectConfigurationPlatforms) = postSolution
		{D4A91B29-5A36-41A6-8FE4-C1076CD96BD3}.Debug|Any CPU.ActiveCfg = Debug|Any CPU
		{D4A91B29-5A36-41A6-8FE4-C1076CD96BD3}.Debug|Any CPU.Build.0 = Debug|Any CPU
		{D4A91B29-5A36-41A6-8FE4-C1076CD96BD3}.Release|Any CPU.ActiveCfg = Release|Any CPU
		{D4A91B29-5A36-41A6-8FE4-C1076CD96BD3}.Release|Any CPU.Build.0 = Release|Any CPU
		{827AC6D8-2001-47C9-9260-DB68E698AD5F}.Debug|Any CPU.ActiveCfg = Debug|Any CPU
		{827AC6D8-2001-47C9-9260-DB68E698AD5F}.Debug|Any CPU.Build.0 = Debug|Any CPU
		{827AC6D8-2001-47C9-9260-DB68E698AD5F}.Release|Any CPU.ActiveCfg = Release|Any CPU
		{827AC6D8-2001-47C9-9260-DB68E698AD5F}.Release|Any CPU.Build.0 = Release|Any CPU
		{FB90C580-4E99-4921-B352-7704032AE2F7}.Debug|Any CPU.ActiveCfg = Debug|Any CPU
		{FB90C580-4E99-4921-B352-7704032AE2F7}.Debug|Any CPU.Build.0 = Debug|Any CPU
		{FB90C580-4E99-4921-B352-7704032AE2F7}.Release|Any CPU.ActiveCfg = Release|Any CPU
		{FB90C580-4E99-4921-B352-7704032AE2F7}.Release|Any CPU.Build.0 = Release|Any CPU
		{F1BA0A66-6D68-4142-83D8-C96A81A6862E}.Debug|Any CPU.ActiveCfg = Debug|Any CPU
		{F1BA0A66-6D68-4142-83D8-C96A81A6862E}.Debug|Any CPU.Build.0 = Debug|Any CPU
		{F1BA0A66-6D68-4142-83D8-C96A81A6862E}.Release|Any CPU.ActiveCfg = Release|Any CPU
		{F1BA0A66-6D68-4142-83D8-C96A81A6862E}.Release|Any CPU.Build.0 = Release|Any CPU
	EndGlobalSection
	GlobalSection(SolutionProperties) = preSolution
		HideSolutionNode = FALSE
	EndGlobalSection
EndGlobal
