
Microsoft Visual Studio Solution File, Format Version 12.00
# Visual Studio 2010
Project("{FAE04EC0-301F-11D3-BF4B-00C04F79EFBC}") = "Justin.Stock", "Justin.Stock\Justin.Stock.csproj", "{34CF1CBC-80D6-48C4-8297-92085325BA7B}"
	ProjectSection(ProjectDependencies) = postProject
		{D4A91B29-5A36-41A6-8FE4-C1076CD96BD3} = {D4A91B29-5A36-41A6-8FE4-C1076CD96BD3}
		{F1BA0A66-6D68-4142-83D8-C96A81A6862E} = {F1BA0A66-6D68-4142-83D8-C96A81A6862E}
		{FB90C580-4E99-4921-B352-7704032AE2F7} = {FB90C580-4E99-4921-B352-7704032AE2F7}
	EndProjectSection
EndProject
Project("{FAE04EC0-301F-11D3-BF4B-00C04F79EFBC}") = "Justin.Stock.Service", "Justin.Stock.Service\Justin.Stock.Service.csproj", "{7D5C9522-B8C7-421C-9C08-59472C5561B6}"
EndProject
Project("{FAE04EC0-301F-11D3-BF4B-00C04F79EFBC}") = "Justin.Stock.DAL", "Justin.Stock.DAL\Justin.Stock.DAL.csproj", "{AEC66A72-D5D2-4DA3-B29D-87D708C7A5A9}"
EndProject
Project("{FAE04EC0-301F-11D3-BF4B-00C04F79EFBC}") = "Justin.Stock.Controls", "Justin.Stock.Controls\Justin.Stock.Controls.csproj", "{20B52A06-C423-4CA4-8B92-FC57D0F6F98F}"
EndProject
Project("{FAE04EC0-301F-11D3-BF4B-00C04F79EFBC}") = "Justin.Stock.VsAddin", "Justin.Stock.VsAddin\Justin.Stock.VsAddin.csproj", "{F2CEEC70-215E-4421-9E16-4F4F2CD5BE32}"
EndProject
Project("{FAE04EC0-301F-11D3-BF4B-00C04F79EFBC}") = "Justin.FrameWork", "..\..\Justin.FrameWork\Justin.FrameWork\Justin.FrameWork.csproj", "{D4A91B29-5A36-41A6-8FE4-C1076CD96BD3}"
EndProject
Project("{FAE04EC0-301F-11D3-BF4B-00C04F79EFBC}") = "Justin.FrameWork.WinForm", "..\..\Justin.FrameWork\Justin.FrameWork.WinForm\Justin.FrameWork.WinForm.csproj", "{F1BA0A66-6D68-4142-83D8-C96A81A6862E}"
EndProject
Project("{FAE04EC0-301F-11D3-BF4B-00C04F79EFBC}") = "Justin.Log", "..\..\Justin.FrameWork\Justin.Log\Justin.Log.csproj", "{FB90C580-4E99-4921-B352-7704032AE2F7}"
EndProject
Global
	GlobalSection(SolutionConfigurationPlatforms) = preSolution
		Debug|Any CPU = Debug|Any CPU
		Debug|Mixed Platforms = Debug|Mixed Platforms
		Debug|x86 = Debug|x86
		Release|Any CPU = Release|Any CPU
		Release|Mixed Platforms = Release|Mixed Platforms
		Release|x86 = Release|x86
	EndGlobalSection
	GlobalSection(ProjectConfigurationPlatforms) = postSolution
		{34CF1CBC-80D6-48C4-8297-92085325BA7B}.Debug|Any CPU.ActiveCfg = Debug|x86
		{34CF1CBC-80D6-48C4-8297-92085325BA7B}.Debug|Mixed Platforms.ActiveCfg = Debug|x86
		{34CF1CBC-80D6-48C4-8297-92085325BA7B}.Debug|Mixed Platforms.Build.0 = Debug|x86
		{34CF1CBC-80D6-48C4-8297-92085325BA7B}.Debug|x86.ActiveCfg = Debug|x86
		{34CF1CBC-80D6-48C4-8297-92085325BA7B}.Debug|x86.Build.0 = Debug|x86
		{34CF1CBC-80D6-48C4-8297-92085325BA7B}.Release|Any CPU.ActiveCfg = Release|x86
		{34CF1CBC-80D6-48C4-8297-92085325BA7B}.Release|Mixed Platforms.ActiveCfg = Release|x86
		{34CF1CBC-80D6-48C4-8297-92085325BA7B}.Release|Mixed Platforms.Build.0 = Release|x86
		{34CF1CBC-80D6-48C4-8297-92085325BA7B}.Release|x86.ActiveCfg = Release|x86
		{34CF1CBC-80D6-48C4-8297-92085325BA7B}.Release|x86.Build.0 = Release|x86
		{7D5C9522-B8C7-421C-9C08-59472C5561B6}.Debug|Any CPU.ActiveCfg = Debug|Any CPU
		{7D5C9522-B8C7-421C-9C08-59472C5561B6}.Debug|Any CPU.Build.0 = Debug|Any CPU
		{7D5C9522-B8C7-421C-9C08-59472C5561B6}.Debug|Mixed Platforms.ActiveCfg = Debug|Any CPU
		{7D5C9522-B8C7-421C-9C08-59472C5561B6}.Debug|Mixed Platforms.Build.0 = Debug|Any CPU
		{7D5C9522-B8C7-421C-9C08-59472C5561B6}.Debug|x86.ActiveCfg = Debug|Any CPU
		{7D5C9522-B8C7-421C-9C08-59472C5561B6}.Release|Any CPU.ActiveCfg = Release|Any CPU
		{7D5C9522-B8C7-421C-9C08-59472C5561B6}.Release|Any CPU.Build.0 = Release|Any CPU
		{7D5C9522-B8C7-421C-9C08-59472C5561B6}.Release|Mixed Platforms.ActiveCfg = Release|Any CPU
		{7D5C9522-B8C7-421C-9C08-59472C5561B6}.Release|Mixed Platforms.Build.0 = Release|Any CPU
		{7D5C9522-B8C7-421C-9C08-59472C5561B6}.Release|x86.ActiveCfg = Release|Any CPU
		{AEC66A72-D5D2-4DA3-B29D-87D708C7A5A9}.Debug|Any CPU.ActiveCfg = Debug|Any CPU
		{AEC66A72-D5D2-4DA3-B29D-87D708C7A5A9}.Debug|Any CPU.Build.0 = Debug|Any CPU
		{AEC66A72-D5D2-4DA3-B29D-87D708C7A5A9}.Debug|Mixed Platforms.ActiveCfg = Debug|Any CPU
		{AEC66A72-D5D2-4DA3-B29D-87D708C7A5A9}.Debug|Mixed Platforms.Build.0 = Debug|Any CPU
		{AEC66A72-D5D2-4DA3-B29D-87D708C7A5A9}.Debug|x86.ActiveCfg = Debug|Any CPU
		{AEC66A72-D5D2-4DA3-B29D-87D708C7A5A9}.Release|Any CPU.ActiveCfg = Release|Any CPU
		{AEC66A72-D5D2-4DA3-B29D-87D708C7A5A9}.Release|Any CPU.Build.0 = Release|Any CPU
		{AEC66A72-D5D2-4DA3-B29D-87D708C7A5A9}.Release|Mixed Platforms.ActiveCfg = Release|Any CPU
		{AEC66A72-D5D2-4DA3-B29D-87D708C7A5A9}.Release|Mixed Platforms.Build.0 = Release|Any CPU
		{AEC66A72-D5D2-4DA3-B29D-87D708C7A5A9}.Release|x86.ActiveCfg = Release|Any CPU
		{20B52A06-C423-4CA4-8B92-FC57D0F6F98F}.Debug|Any CPU.ActiveCfg = Debug|Any CPU
		{20B52A06-C423-4CA4-8B92-FC57D0F6F98F}.Debug|Any CPU.Build.0 = Debug|Any CPU
		{20B52A06-C423-4CA4-8B92-FC57D0F6F98F}.Debug|Mixed Platforms.ActiveCfg = Debug|Any CPU
		{20B52A06-C423-4CA4-8B92-FC57D0F6F98F}.Debug|Mixed Platforms.Build.0 = Debug|Any CPU
		{20B52A06-C423-4CA4-8B92-FC57D0F6F98F}.Debug|x86.ActiveCfg = Debug|Any CPU
		{20B52A06-C423-4CA4-8B92-FC57D0F6F98F}.Release|Any CPU.ActiveCfg = Release|Any CPU
		{20B52A06-C423-4CA4-8B92-FC57D0F6F98F}.Release|Any CPU.Build.0 = Release|Any CPU
		{20B52A06-C423-4CA4-8B92-FC57D0F6F98F}.Release|Mixed Platforms.ActiveCfg = Release|Any CPU
		{20B52A06-C423-4CA4-8B92-FC57D0F6F98F}.Release|Mixed Platforms.Build.0 = Release|Any CPU
		{20B52A06-C423-4CA4-8B92-FC57D0F6F98F}.Release|x86.ActiveCfg = Release|Any CPU
		{F2CEEC70-215E-4421-9E16-4F4F2CD5BE32}.Debug|Any CPU.ActiveCfg = Debug|Any CPU
		{F2CEEC70-215E-4421-9E16-4F4F2CD5BE32}.Debug|Any CPU.Build.0 = Debug|Any CPU
		{F2CEEC70-215E-4421-9E16-4F4F2CD5BE32}.Debug|Mixed Platforms.ActiveCfg = Debug|Any CPU
		{F2CEEC70-215E-4421-9E16-4F4F2CD5BE32}.Debug|Mixed Platforms.Build.0 = Debug|Any CPU
		{F2CEEC70-215E-4421-9E16-4F4F2CD5BE32}.Debug|x86.ActiveCfg = Debug|Any CPU
		{F2CEEC70-215E-4421-9E16-4F4F2CD5BE32}.Release|Any CPU.ActiveCfg = Release|Any CPU
		{F2CEEC70-215E-4421-9E16-4F4F2CD5BE32}.Release|Any CPU.Build.0 = Release|Any CPU
		{F2CEEC70-215E-4421-9E16-4F4F2CD5BE32}.Release|Mixed Platforms.ActiveCfg = Release|Any CPU
		{F2CEEC70-215E-4421-9E16-4F4F2CD5BE32}.Release|Mixed Platforms.Build.0 = Release|Any CPU
		{F2CEEC70-215E-4421-9E16-4F4F2CD5BE32}.Release|x86.ActiveCfg = Release|Any CPU
		{D4A91B29-5A36-41A6-8FE4-C1076CD96BD3}.Debug|Any CPU.ActiveCfg = Debug|Any CPU
		{D4A91B29-5A36-41A6-8FE4-C1076CD96BD3}.Debug|Any CPU.Build.0 = Debug|Any CPU
		{D4A91B29-5A36-41A6-8FE4-C1076CD96BD3}.Debug|Mixed Platforms.ActiveCfg = Debug|Any CPU
		{D4A91B29-5A36-41A6-8FE4-C1076CD96BD3}.Debug|Mixed Platforms.Build.0 = Debug|Any CPU
		{D4A91B29-5A36-41A6-8FE4-C1076CD96BD3}.Debug|x86.ActiveCfg = Debug|Any CPU
		{D4A91B29-5A36-41A6-8FE4-C1076CD96BD3}.Release|Any CPU.ActiveCfg = Release|Any CPU
		{D4A91B29-5A36-41A6-8FE4-C1076CD96BD3}.Release|Any CPU.Build.0 = Release|Any CPU
		{D4A91B29-5A36-41A6-8FE4-C1076CD96BD3}.Release|Mixed Platforms.ActiveCfg = Release|Any CPU
		{D4A91B29-5A36-41A6-8FE4-C1076CD96BD3}.Release|Mixed Platforms.Build.0 = Release|Any CPU
		{D4A91B29-5A36-41A6-8FE4-C1076CD96BD3}.Release|x86.ActiveCfg = Release|Any CPU
		{F1BA0A66-6D68-4142-83D8-C96A81A6862E}.Debug|Any CPU.ActiveCfg = Debug|Any CPU
		{F1BA0A66-6D68-4142-83D8-C96A81A6862E}.Debug|Any CPU.Build.0 = Debug|Any CPU
		{F1BA0A66-6D68-4142-83D8-C96A81A6862E}.Debug|Mixed Platforms.ActiveCfg = Debug|Any CPU
		{F1BA0A66-6D68-4142-83D8-C96A81A6862E}.Debug|Mixed Platforms.Build.0 = Debug|Any CPU
		{F1BA0A66-6D68-4142-83D8-C96A81A6862E}.Debug|x86.ActiveCfg = Debug|Any CPU
		{F1BA0A66-6D68-4142-83D8-C96A81A6862E}.Release|Any CPU.ActiveCfg = Release|Any CPU
		{F1BA0A66-6D68-4142-83D8-C96A81A6862E}.Release|Any CPU.Build.0 = Release|Any CPU
		{F1BA0A66-6D68-4142-83D8-C96A81A6862E}.Release|Mixed Platforms.ActiveCfg = Release|Any CPU
		{F1BA0A66-6D68-4142-83D8-C96A81A6862E}.Release|Mixed Platforms.Build.0 = Release|Any CPU
		{F1BA0A66-6D68-4142-83D8-C96A81A6862E}.Release|x86.ActiveCfg = Release|Any CPU
		{FB90C580-4E99-4921-B352-7704032AE2F7}.Debug|Any CPU.ActiveCfg = Debug|Any CPU
		{FB90C580-4E99-4921-B352-7704032AE2F7}.Debug|Any CPU.Build.0 = Debug|Any CPU
		{FB90C580-4E99-4921-B352-7704032AE2F7}.Debug|Mixed Platforms.ActiveCfg = Debug|Any CPU
		{FB90C580-4E99-4921-B352-7704032AE2F7}.Debug|Mixed Platforms.Build.0 = Debug|Any CPU
		{FB90C580-4E99-4921-B352-7704032AE2F7}.Debug|x86.ActiveCfg = Debug|Any CPU
		{FB90C580-4E99-4921-B352-7704032AE2F7}.Release|Any CPU.ActiveCfg = Release|Any CPU
		{FB90C580-4E99-4921-B352-7704032AE2F7}.Release|Any CPU.Build.0 = Release|Any CPU
		{FB90C580-4E99-4921-B352-7704032AE2F7}.Release|Mixed Platforms.ActiveCfg = Release|Any CPU
		{FB90C580-4E99-4921-B352-7704032AE2F7}.Release|Mixed Platforms.Build.0 = Release|Any CPU
		{FB90C580-4E99-4921-B352-7704032AE2F7}.Release|x86.ActiveCfg = Release|Any CPU
	EndGlobalSection
	GlobalSection(SolutionProperties) = preSolution
		HideSolutionNode = FALSE
	EndGlobalSection
EndGlobal
