
Microsoft Visual Studio Solution File, Format Version 12.00
# Visual Studio 2010
Project("{FAE04EC0-301F-11D3-BF4B-00C04F79EFBC}") = "Justin.FrameWork.WinForm", "..\..\Justin.FrameWork\Justin.FrameWork.WinForm\Justin.FrameWork.WinForm.csproj", "{F1BA0A66-6D68-4142-83D8-C96A81A6862E}"
EndProject
Project("{FAE04EC0-301F-11D3-BF4B-00C04F79EFBC}") = "Justin.FrameWork", "..\..\Justin.FrameWork\Justin.FrameWork\Justin.FrameWork.csproj", "{D4A91B29-5A36-41A6-8FE4-C1076CD96BD3}"
EndProject
Project("{FAE04EC0-301F-11D3-BF4B-00C04F79EFBC}") = "Justin.Toolbox", "Justin.Toolbox\Justin.Toolbox.csproj", "{E9A9747F-21E7-46AF-B2CC-9B9D54740FCB}"
	ProjectSection(ProjectDependencies) = postProject
		{BB49DE23-C34D-4457-9F25-34CA6277813D} = {BB49DE23-C34D-4457-9F25-34CA6277813D}
		{D4A91B29-5A36-41A6-8FE4-C1076CD96BD3} = {D4A91B29-5A36-41A6-8FE4-C1076CD96BD3}
		{6941552A-4FD4-4F07-98E2-F8A10FCC0086} = {6941552A-4FD4-4F07-98E2-F8A10FCC0086}
		{F1BA0A66-6D68-4142-83D8-C96A81A6862E} = {F1BA0A66-6D68-4142-83D8-C96A81A6862E}
		{6EE7E46D-DC3A-45AB-A696-18E1C7489748} = {6EE7E46D-DC3A-45AB-A696-18E1C7489748}
		{69463078-58BF-47A8-9464-FB3C3B1AF449} = {69463078-58BF-47A8-9464-FB3C3B1AF449}
		{FB90C580-4E99-4921-B352-7704032AE2F7} = {FB90C580-4E99-4921-B352-7704032AE2F7}
		{BCE992B5-1055-4531-A1C6-E15209D27270} = {BCE992B5-1055-4531-A1C6-E15209D27270}
	EndProjectSection
EndProject
Project("{FAE04EC0-301F-11D3-BF4B-00C04F79EFBC}") = "Justin.Log", "..\..\Justin.FrameWork\Justin.Log\Justin.Log.csproj", "{FB90C580-4E99-4921-B352-7704032AE2F7}"
EndProject
Project("{FAE04EC0-301F-11D3-BF4B-00C04F79EFBC}") = "Justin.Controls.JsonView", "..\..\Justin.Controls\Justin.Controls.JsonView\Justin.Controls.JsonView.csproj", "{BB49DE23-C34D-4457-9F25-34CA6277813D}"
	ProjectSection(ProjectDependencies) = postProject
		{D4A91B29-5A36-41A6-8FE4-C1076CD96BD3} = {D4A91B29-5A36-41A6-8FE4-C1076CD96BD3}
		{F1BA0A66-6D68-4142-83D8-C96A81A6862E} = {F1BA0A66-6D68-4142-83D8-C96A81A6862E}
		{FB90C580-4E99-4921-B352-7704032AE2F7} = {FB90C580-4E99-4921-B352-7704032AE2F7}
	EndProjectSection
EndProject
Project("{FAE04EC0-301F-11D3-BF4B-00C04F79EFBC}") = "Justin.Controls.CodeCompiler", "..\..\Justin.Controls\Justin.Controls.CodeCompiler\Justin.Controls.CodeCompiler.csproj", "{6941552A-4FD4-4F07-98E2-F8A10FCC0086}"
	ProjectSection(ProjectDependencies) = postProject
		{D4A91B29-5A36-41A6-8FE4-C1076CD96BD3} = {D4A91B29-5A36-41A6-8FE4-C1076CD96BD3}
		{F1BA0A66-6D68-4142-83D8-C96A81A6862E} = {F1BA0A66-6D68-4142-83D8-C96A81A6862E}
		{FB90C580-4E99-4921-B352-7704032AE2F7} = {FB90C580-4E99-4921-B352-7704032AE2F7}
	EndProjectSection
EndProject
Project("{FAE04EC0-301F-11D3-BF4B-00C04F79EFBC}") = "Justin.Controls.Mondrian", "..\..\Justin.Controls\Justin.Controls.Mondrian\Justin.Controls.Mondrian.csproj", "{D6701E81-57AA-4348-8AE7-7BB2BB94C826}"
	ProjectSection(ProjectDependencies) = postProject
		{D4A91B29-5A36-41A6-8FE4-C1076CD96BD3} = {D4A91B29-5A36-41A6-8FE4-C1076CD96BD3}
		{F1BA0A66-6D68-4142-83D8-C96A81A6862E} = {F1BA0A66-6D68-4142-83D8-C96A81A6862E}
	EndProjectSection
EndProject
Project("{FAE04EC0-301F-11D3-BF4B-00C04F79EFBC}") = "Justin.Controls.CodeSnippet", "..\..\Justin.Controls\Justin.Controls.CodeSnippet\Justin.Controls.CodeSnippet.csproj", "{BCE992B5-1055-4531-A1C6-E15209D27270}"
	ProjectSection(ProjectDependencies) = postProject
		{D4A91B29-5A36-41A6-8FE4-C1076CD96BD3} = {D4A91B29-5A36-41A6-8FE4-C1076CD96BD3}
		{F1BA0A66-6D68-4142-83D8-C96A81A6862E} = {F1BA0A66-6D68-4142-83D8-C96A81A6862E}
	EndProjectSection
EndProject
Project("{FAE04EC0-301F-11D3-BF4B-00C04F79EFBC}") = "Justin.Controls.Executer", "..\..\Justin.Controls\Justin.Controls.Executer\Justin.Controls.Executer.csproj", "{6EE7E46D-DC3A-45AB-A696-18E1C7489748}"
	ProjectSection(ProjectDependencies) = postProject
		{D4A91B29-5A36-41A6-8FE4-C1076CD96BD3} = {D4A91B29-5A36-41A6-8FE4-C1076CD96BD3}
		{F1BA0A66-6D68-4142-83D8-C96A81A6862E} = {F1BA0A66-6D68-4142-83D8-C96A81A6862E}
		{FB90C580-4E99-4921-B352-7704032AE2F7} = {FB90C580-4E99-4921-B352-7704032AE2F7}
	EndProjectSection
EndProject
Project("{FAE04EC0-301F-11D3-BF4B-00C04F79EFBC}") = "Justin.Controls.TestDataGenerator", "..\..\Justin.Controls\Justin.Controls.TestDataGenerator\Justin.Controls.TestDataGenerator.csproj", "{C8130A39-3C8C-40C5-9955-C1BC871AD981}"
	ProjectSection(ProjectDependencies) = postProject
		{D4A91B29-5A36-41A6-8FE4-C1076CD96BD3} = {D4A91B29-5A36-41A6-8FE4-C1076CD96BD3}
		{F1BA0A66-6D68-4142-83D8-C96A81A6862E} = {F1BA0A66-6D68-4142-83D8-C96A81A6862E}
	EndProjectSection
EndProject
Project("{FAE04EC0-301F-11D3-BF4B-00C04F79EFBC}") = "Justin.Controls.WordView", "..\..\Justin.Controls\Justin.Controls.WordView\Justin.Controls.WordView.csproj", "{69463078-58BF-47A8-9464-FB3C3B1AF449}"
EndProject
Project("{FAE04EC0-301F-11D3-BF4B-00C04F79EFBC}") = "Justin.Core", "Justin.Core\Justin.Core.csproj", "{2FA07381-D81F-4BA2-A9DE-F084529D835C}"
	ProjectSection(ProjectDependencies) = postProject
		{D4A91B29-5A36-41A6-8FE4-C1076CD96BD3} = {D4A91B29-5A36-41A6-8FE4-C1076CD96BD3}
		{F1BA0A66-6D68-4142-83D8-C96A81A6862E} = {F1BA0A66-6D68-4142-83D8-C96A81A6862E}
		{FB90C580-4E99-4921-B352-7704032AE2F7} = {FB90C580-4E99-4921-B352-7704032AE2F7}
	EndProjectSection
EndProject
Project("{FAE04EC0-301F-11D3-BF4B-00C04F79EFBC}") = "Justin.Workspace", "Justin.Workspace\Justin.Workspace.csproj", "{C97E4F7C-39A3-40E7-81B4-D6C10BD48E91}"
EndProject
Project("{FAE04EC0-301F-11D3-BF4B-00C04F79EFBC}") = "Justin.Controls.TextEditor", "..\..\Justin.Controls\Justin.Controls.TextEditor\Justin.Controls.TextEditor.csproj", "{8E9D5FD9-41A8-4D2E-B239-2D64F7EA7684}"
	ProjectSection(ProjectDependencies) = postProject
		{D4A91B29-5A36-41A6-8FE4-C1076CD96BD3} = {D4A91B29-5A36-41A6-8FE4-C1076CD96BD3}
		{F1BA0A66-6D68-4142-83D8-C96A81A6862E} = {F1BA0A66-6D68-4142-83D8-C96A81A6862E}
		{FB90C580-4E99-4921-B352-7704032AE2F7} = {FB90C580-4E99-4921-B352-7704032AE2F7}
	EndProjectSection
EndProject
Project("{FAE04EC0-301F-11D3-BF4B-00C04F79EFBC}") = "Justin.Controls.CubeView", "..\..\Justin.Controls\Justin.Controls.CubeView\Justin.Controls.CubeView.csproj", "{2BF9EEF8-B336-4EA8-B562-9F5F3068B79D}"
EndProject
Global
	GlobalSection(SolutionConfigurationPlatforms) = preSolution
		Debug|Any CPU = Debug|Any CPU
		Release|Any CPU = Release|Any CPU
	EndGlobalSection
	GlobalSection(ProjectConfigurationPlatforms) = postSolution
		{F1BA0A66-6D68-4142-83D8-C96A81A6862E}.Debug|Any CPU.ActiveCfg = Debug|Any CPU
		{F1BA0A66-6D68-4142-83D8-C96A81A6862E}.Debug|Any CPU.Build.0 = Debug|Any CPU
		{F1BA0A66-6D68-4142-83D8-C96A81A6862E}.Release|Any CPU.ActiveCfg = Release|Any CPU
		{F1BA0A66-6D68-4142-83D8-C96A81A6862E}.Release|Any CPU.Build.0 = Release|Any CPU
		{D4A91B29-5A36-41A6-8FE4-C1076CD96BD3}.Debug|Any CPU.ActiveCfg = Debug|Any CPU
		{D4A91B29-5A36-41A6-8FE4-C1076CD96BD3}.Debug|Any CPU.Build.0 = Debug|Any CPU
		{D4A91B29-5A36-41A6-8FE4-C1076CD96BD3}.Release|Any CPU.ActiveCfg = Release|Any CPU
		{D4A91B29-5A36-41A6-8FE4-C1076CD96BD3}.Release|Any CPU.Build.0 = Release|Any CPU
		{E9A9747F-21E7-46AF-B2CC-9B9D54740FCB}.Debug|Any CPU.ActiveCfg = Debug|Any CPU
		{E9A9747F-21E7-46AF-B2CC-9B9D54740FCB}.Debug|Any CPU.Build.0 = Debug|Any CPU
		{E9A9747F-21E7-46AF-B2CC-9B9D54740FCB}.Release|Any CPU.ActiveCfg = Release|Any CPU
		{E9A9747F-21E7-46AF-B2CC-9B9D54740FCB}.Release|Any CPU.Build.0 = Release|Any CPU
		{FB90C580-4E99-4921-B352-7704032AE2F7}.Debug|Any CPU.ActiveCfg = Debug|Any CPU
		{FB90C580-4E99-4921-B352-7704032AE2F7}.Debug|Any CPU.Build.0 = Debug|Any CPU
		{FB90C580-4E99-4921-B352-7704032AE2F7}.Release|Any CPU.ActiveCfg = Release|Any CPU
		{FB90C580-4E99-4921-B352-7704032AE2F7}.Release|Any CPU.Build.0 = Release|Any CPU
		{BB49DE23-C34D-4457-9F25-34CA6277813D}.Debug|Any CPU.ActiveCfg = Debug|Any CPU
		{BB49DE23-C34D-4457-9F25-34CA6277813D}.Debug|Any CPU.Build.0 = Debug|Any CPU
		{BB49DE23-C34D-4457-9F25-34CA6277813D}.Release|Any CPU.ActiveCfg = Release|Any CPU
		{BB49DE23-C34D-4457-9F25-34CA6277813D}.Release|Any CPU.Build.0 = Release|Any CPU
		{6941552A-4FD4-4F07-98E2-F8A10FCC0086}.Debug|Any CPU.ActiveCfg = Debug|Any CPU
		{6941552A-4FD4-4F07-98E2-F8A10FCC0086}.Debug|Any CPU.Build.0 = Debug|Any CPU
		{6941552A-4FD4-4F07-98E2-F8A10FCC0086}.Release|Any CPU.ActiveCfg = Release|Any CPU
		{6941552A-4FD4-4F07-98E2-F8A10FCC0086}.Release|Any CPU.Build.0 = Release|Any CPU
		{D6701E81-57AA-4348-8AE7-7BB2BB94C826}.Debug|Any CPU.ActiveCfg = Debug|Any CPU
		{D6701E81-57AA-4348-8AE7-7BB2BB94C826}.Debug|Any CPU.Build.0 = Debug|Any CPU
		{D6701E81-57AA-4348-8AE7-7BB2BB94C826}.Release|Any CPU.ActiveCfg = Release|Any CPU
		{D6701E81-57AA-4348-8AE7-7BB2BB94C826}.Release|Any CPU.Build.0 = Release|Any CPU
		{BCE992B5-1055-4531-A1C6-E15209D27270}.Debug|Any CPU.ActiveCfg = Debug|Any CPU
		{BCE992B5-1055-4531-A1C6-E15209D27270}.Debug|Any CPU.Build.0 = Debug|Any CPU
		{BCE992B5-1055-4531-A1C6-E15209D27270}.Release|Any CPU.ActiveCfg = Release|Any CPU
		{BCE992B5-1055-4531-A1C6-E15209D27270}.Release|Any CPU.Build.0 = Release|Any CPU
		{6EE7E46D-DC3A-45AB-A696-18E1C7489748}.Debug|Any CPU.ActiveCfg = Debug|Any CPU
		{6EE7E46D-DC3A-45AB-A696-18E1C7489748}.Debug|Any CPU.Build.0 = Debug|Any CPU
		{6EE7E46D-DC3A-45AB-A696-18E1C7489748}.Release|Any CPU.ActiveCfg = Release|Any CPU
		{6EE7E46D-DC3A-45AB-A696-18E1C7489748}.Release|Any CPU.Build.0 = Release|Any CPU
		{C8130A39-3C8C-40C5-9955-C1BC871AD981}.Debug|Any CPU.ActiveCfg = Debug|Any CPU
		{C8130A39-3C8C-40C5-9955-C1BC871AD981}.Debug|Any CPU.Build.0 = Debug|Any CPU
		{C8130A39-3C8C-40C5-9955-C1BC871AD981}.Release|Any CPU.ActiveCfg = Release|Any CPU
		{C8130A39-3C8C-40C5-9955-C1BC871AD981}.Release|Any CPU.Build.0 = Release|Any CPU
		{69463078-58BF-47A8-9464-FB3C3B1AF449}.Debug|Any CPU.ActiveCfg = Debug|Any CPU
		{69463078-58BF-47A8-9464-FB3C3B1AF449}.Debug|Any CPU.Build.0 = Debug|Any CPU
		{69463078-58BF-47A8-9464-FB3C3B1AF449}.Release|Any CPU.ActiveCfg = Release|Any CPU
		{69463078-58BF-47A8-9464-FB3C3B1AF449}.Release|Any CPU.Build.0 = Release|Any CPU
		{2FA07381-D81F-4BA2-A9DE-F084529D835C}.Debug|Any CPU.ActiveCfg = Debug|Any CPU
		{2FA07381-D81F-4BA2-A9DE-F084529D835C}.Debug|Any CPU.Build.0 = Debug|Any CPU
		{2FA07381-D81F-4BA2-A9DE-F084529D835C}.Release|Any CPU.ActiveCfg = Release|Any CPU
		{2FA07381-D81F-4BA2-A9DE-F084529D835C}.Release|Any CPU.Build.0 = Release|Any CPU
		{C97E4F7C-39A3-40E7-81B4-D6C10BD48E91}.Debug|Any CPU.ActiveCfg = Debug|Any CPU
		{C97E4F7C-39A3-40E7-81B4-D6C10BD48E91}.Debug|Any CPU.Build.0 = Debug|Any CPU
		{C97E4F7C-39A3-40E7-81B4-D6C10BD48E91}.Release|Any CPU.ActiveCfg = Release|Any CPU
		{C97E4F7C-39A3-40E7-81B4-D6C10BD48E91}.Release|Any CPU.Build.0 = Release|Any CPU
		{8E9D5FD9-41A8-4D2E-B239-2D64F7EA7684}.Debug|Any CPU.ActiveCfg = Debug|Any CPU
		{8E9D5FD9-41A8-4D2E-B239-2D64F7EA7684}.Debug|Any CPU.Build.0 = Debug|Any CPU
		{8E9D5FD9-41A8-4D2E-B239-2D64F7EA7684}.Release|Any CPU.ActiveCfg = Release|Any CPU
		{8E9D5FD9-41A8-4D2E-B239-2D64F7EA7684}.Release|Any CPU.Build.0 = Release|Any CPU
		{2BF9EEF8-B336-4EA8-B562-9F5F3068B79D}.Debug|Any CPU.ActiveCfg = Debug|Any CPU
		{2BF9EEF8-B336-4EA8-B562-9F5F3068B79D}.Debug|Any CPU.Build.0 = Debug|Any CPU
		{2BF9EEF8-B336-4EA8-B562-9F5F3068B79D}.Release|Any CPU.ActiveCfg = Release|Any CPU
		{2BF9EEF8-B336-4EA8-B562-9F5F3068B79D}.Release|Any CPU.Build.0 = Release|Any CPU
	EndGlobalSection
	GlobalSection(SolutionProperties) = preSolution
		HideSolutionNode = FALSE
	EndGlobalSection
EndGlobal
